
Microsoft Visual Studio Solution File, Format Version 12.00
# Visual Studio Version 17
VisualStudioVersion = 17.11.35312.102
MinimumVisualStudioVersion = 10.0.40219.1
Project("{FAE04EC0-301F-11D3-BF4B-00C04F79EFBC}") = "Student Management System", "Student Management System.csproj", "{322693A8-69E9-48A9-B764-AFB04282510F}"
EndProject
Project("{FAE04EC0-301F-11D3-BF4B-00C04F79EFBC}") = "Data_Access", "..\Data_Access\Data_Access.csproj", "{322C9959-1A72-4851-9068-DD82ACB5360B}"
EndProject
Project("{FAE04EC0-301F-11D3-BF4B-00C04F79EFBC}") = "Business", "..\Business\Business.csproj", "{EA851A98-A1D4-4CD7-AE0B-1AB984F3FB30}"
EndProject
Global
	GlobalSection(SolutionConfigurationPlatforms) = preSolution
		Debug|Any CPU = Debug|Any CPU
		Release|Any CPU = Release|Any CPU
	EndGlobalSection
	GlobalSection(ProjectConfigurationPlatforms) = postSolution
		{322693A8-69E9-48A9-B764-AFB04282510F}.Debug|Any CPU.ActiveCfg = Debug|Any CPU
		{322693A8-69E9-48A9-B764-AFB04282510F}.Debug|Any CPU.Build.0 = Debug|Any CPU
		{322693A8-69E9-48A9-B764-AFB04282510F}.Release|Any CPU.ActiveCfg = Release|Any CPU
		{322693A8-69E9-48A9-B764-AFB04282510F}.Release|Any CPU.Build.0 = Release|Any CPU
		{322C9959-1A72-4851-9068-DD82ACB5360B}.Debug|Any CPU.ActiveCfg = Debug|Any CPU
		{322C9959-1A72-4851-9068-DD82ACB5360B}.Debug|Any CPU.Build.0 = Debug|Any CPU
		{322C9959-1A72-4851-9068-DD82ACB5360B}.Release|Any CPU.ActiveCfg = Release|Any CPU
		{322C9959-1A72-4851-9068-DD82ACB5360B}.Release|Any CPU.Build.0 = Release|Any CPU
		{EA851A98-A1D4-4CD7-AE0B-1AB984F3FB30}.Debug|Any CPU.ActiveCfg = Debug|Any CPU
		{EA851A98-A1D4-4CD7-AE0B-1AB984F3FB30}.Debug|Any CPU.Build.0 = Debug|Any CPU
		{EA851A98-A1D4-4CD7-AE0B-1AB984F3FB30}.Release|Any CPU.ActiveCfg = Release|Any CPU
		{EA851A98-A1D4-4CD7-AE0B-1AB984F3FB30}.Release|Any CPU.Build.0 = Release|Any CPU
	EndGlobalSection
	GlobalSection(SolutionProperties) = preSolution
		HideSolutionNode = FALSE
	EndGlobalSection
	GlobalSection(ExtensibilityGlobals) = postSolution
		SolutionGuid = {16509E0E-DD0F-4B09-B58A-95438ABEE09D}
	EndGlobalSection
EndGlobal
